{
    "name": "jetlag",
    "version": "0.9.5",
    "lockfileVersion": 3,
    "requires": true,
    "packages": {
        "": {
            "name": "jetlag",
            "version": "0.9.5",
            "license": "MIT",
            "dependencies": {
                "@box2d/core": "^0.10.0",
                "hammerjs": "^2.0.8",
                "howler": "^2.2.3",
                "pixi.js": "^6.5.8"
            },
            "devDependencies": {
                "@types/hammerjs": "^2.0.41",
                "@types/howler": "^2.2.7",
                "esbuild": "^0.16.13",
                "esbuild-serve": "^1.0.1",
                "typescript": "^4.9.4"
            }
        },
        "node_modules/@box2d/core": {
            "version": "0.10.0",
            "resolved": "https://registry.npmjs.org/@box2d/core/-/core-0.10.0.tgz",
            "integrity": "sha512-rVawB+VokPnE2IarLPXE9blbpV26KOEYdadsnXf7ToyXzceXMADPrSIvYIyTzXLteiLE9i+UTMmTcCvYXl+QEA=="
        },
        "node_modules/@esbuild/android-arm": {
            "version": "0.16.17",
            "resolved": "https://registry.npmjs.org/@esbuild/android-arm/-/android-arm-0.16.17.tgz",
            "integrity": "sha512-N9x1CMXVhtWEAMS7pNNONyA14f71VPQN9Cnavj1XQh6T7bskqiLLrSca4O0Vr8Wdcga943eThxnVp3JLnBMYtw==",
            "cpu": [
                "arm"
            ],
            "dev": true,
            "optional": true,
            "os": [
                "android"
            ],
            "engines": {
                "node": ">=12"
            }
        },
        "node_modules/@esbuild/android-arm64": {
            "version": "0.16.17",
            "resolved": "https://registry.npmjs.org/@esbuild/android-arm64/-/android-arm64-0.16.17.tgz",
            "integrity": "sha512-MIGl6p5sc3RDTLLkYL1MyL8BMRN4tLMRCn+yRJJmEDvYZ2M7tmAf80hx1kbNEUX2KJ50RRtxZ4JHLvCfuB6kBg==",
            "cpu": [
                "arm64"
            ],
            "dev": true,
            "optional": true,
            "os": [
                "android"
            ],
            "engines": {
                "node": ">=12"
            }
        },
        "node_modules/@esbuild/android-x64": {
            "version": "0.16.17",
            "resolved": "https://registry.npmjs.org/@esbuild/android-x64/-/android-x64-0.16.17.tgz",
            "integrity": "sha512-a3kTv3m0Ghh4z1DaFEuEDfz3OLONKuFvI4Xqczqx4BqLyuFaFkuaG4j2MtA6fuWEFeC5x9IvqnX7drmRq/fyAQ==",
            "cpu": [
                "x64"
            ],
            "dev": true,
            "optional": true,
            "os": [
                "android"
            ],
            "engines": {
                "node": ">=12"
            }
        },
        "node_modules/@esbuild/darwin-arm64": {
            "version": "0.16.17",
            "resolved": "https://registry.npmjs.org/@esbuild/darwin-arm64/-/darwin-arm64-0.16.17.tgz",
            "integrity": "sha512-/2agbUEfmxWHi9ARTX6OQ/KgXnOWfsNlTeLcoV7HSuSTv63E4DqtAc+2XqGw1KHxKMHGZgbVCZge7HXWX9Vn+w==",
            "cpu": [
                "arm64"
            ],
            "dev": true,
            "optional": true,
            "os": [
                "darwin"
            ],
            "engines": {
                "node": ">=12"
            }
        },
        "node_modules/@esbuild/darwin-x64": {
            "version": "0.16.17",
            "resolved": "https://registry.npmjs.org/@esbuild/darwin-x64/-/darwin-x64-0.16.17.tgz",
            "integrity": "sha512-2By45OBHulkd9Svy5IOCZt376Aa2oOkiE9QWUK9fe6Tb+WDr8hXL3dpqi+DeLiMed8tVXspzsTAvd0jUl96wmg==",
            "cpu": [
                "x64"
            ],
            "dev": true,
            "optional": true,
            "os": [
                "darwin"
            ],
            "engines": {
                "node": ">=12"
            }
        },
        "node_modules/@esbuild/freebsd-arm64": {
            "version": "0.16.17",
            "resolved": "https://registry.npmjs.org/@esbuild/freebsd-arm64/-/freebsd-arm64-0.16.17.tgz",
            "integrity": "sha512-mt+cxZe1tVx489VTb4mBAOo2aKSnJ33L9fr25JXpqQqzbUIw/yzIzi+NHwAXK2qYV1lEFp4OoVeThGjUbmWmdw==",
            "cpu": [
                "arm64"
            ],
            "dev": true,
            "optional": true,
            "os": [
                "freebsd"
            ],
            "engines": {
                "node": ">=12"
            }
        },
        "node_modules/@esbuild/freebsd-x64": {
            "version": "0.16.17",
            "resolved": "https://registry.npmjs.org/@esbuild/freebsd-x64/-/freebsd-x64-0.16.17.tgz",
            "integrity": "sha512-8ScTdNJl5idAKjH8zGAsN7RuWcyHG3BAvMNpKOBaqqR7EbUhhVHOqXRdL7oZvz8WNHL2pr5+eIT5c65kA6NHug==",
            "cpu": [
                "x64"
            ],
            "dev": true,
            "optional": true,
            "os": [
                "freebsd"
            ],
            "engines": {
                "node": ">=12"
            }
        },
        "node_modules/@esbuild/linux-arm": {
            "version": "0.16.17",
            "resolved": "https://registry.npmjs.org/@esbuild/linux-arm/-/linux-arm-0.16.17.tgz",
            "integrity": "sha512-iihzrWbD4gIT7j3caMzKb/RsFFHCwqqbrbH9SqUSRrdXkXaygSZCZg1FybsZz57Ju7N/SHEgPyaR0LZ8Zbe9gQ==",
            "cpu": [
                "arm"
            ],
            "dev": true,
            "optional": true,
            "os": [
                "linux"
            ],
            "engines": {
                "node": ">=12"
            }
        },
        "node_modules/@esbuild/linux-arm64": {
            "version": "0.16.17",
            "resolved": "https://registry.npmjs.org/@esbuild/linux-arm64/-/linux-arm64-0.16.17.tgz",
            "integrity": "sha512-7S8gJnSlqKGVJunnMCrXHU9Q8Q/tQIxk/xL8BqAP64wchPCTzuM6W3Ra8cIa1HIflAvDnNOt2jaL17vaW+1V0g==",
            "cpu": [
                "arm64"
            ],
            "dev": true,
            "optional": true,
            "os": [
                "linux"
            ],
            "engines": {
                "node": ">=12"
            }
        },
        "node_modules/@esbuild/linux-ia32": {
            "version": "0.16.17",
            "resolved": "https://registry.npmjs.org/@esbuild/linux-ia32/-/linux-ia32-0.16.17.tgz",
            "integrity": "sha512-kiX69+wcPAdgl3Lonh1VI7MBr16nktEvOfViszBSxygRQqSpzv7BffMKRPMFwzeJGPxcio0pdD3kYQGpqQ2SSg==",
            "cpu": [
                "ia32"
            ],
            "dev": true,
            "optional": true,
            "os": [
                "linux"
            ],
            "engines": {
                "node": ">=12"
            }
        },
        "node_modules/@esbuild/linux-loong64": {
            "version": "0.16.17",
            "resolved": "https://registry.npmjs.org/@esbuild/linux-loong64/-/linux-loong64-0.16.17.tgz",
            "integrity": "sha512-dTzNnQwembNDhd654cA4QhbS9uDdXC3TKqMJjgOWsC0yNCbpzfWoXdZvp0mY7HU6nzk5E0zpRGGx3qoQg8T2DQ==",
            "cpu": [
                "loong64"
            ],
            "dev": true,
            "optional": true,
            "os": [
                "linux"
            ],
            "engines": {
                "node": ">=12"
            }
        },
        "node_modules/@esbuild/linux-mips64el": {
            "version": "0.16.17",
            "resolved": "https://registry.npmjs.org/@esbuild/linux-mips64el/-/linux-mips64el-0.16.17.tgz",
            "integrity": "sha512-ezbDkp2nDl0PfIUn0CsQ30kxfcLTlcx4Foz2kYv8qdC6ia2oX5Q3E/8m6lq84Dj/6b0FrkgD582fJMIfHhJfSw==",
            "cpu": [
                "mips64el"
            ],
            "dev": true,
            "optional": true,
            "os": [
                "linux"
            ],
            "engines": {
                "node": ">=12"
            }
        },
        "node_modules/@esbuild/linux-ppc64": {
            "version": "0.16.17",
            "resolved": "https://registry.npmjs.org/@esbuild/linux-ppc64/-/linux-ppc64-0.16.17.tgz",
            "integrity": "sha512-dzS678gYD1lJsW73zrFhDApLVdM3cUF2MvAa1D8K8KtcSKdLBPP4zZSLy6LFZ0jYqQdQ29bjAHJDgz0rVbLB3g==",
            "cpu": [
                "ppc64"
            ],
            "dev": true,
            "optional": true,
            "os": [
                "linux"
            ],
            "engines": {
                "node": ">=12"
            }
        },
        "node_modules/@esbuild/linux-riscv64": {
            "version": "0.16.17",
            "resolved": "https://registry.npmjs.org/@esbuild/linux-riscv64/-/linux-riscv64-0.16.17.tgz",
            "integrity": "sha512-ylNlVsxuFjZK8DQtNUwiMskh6nT0vI7kYl/4fZgV1llP5d6+HIeL/vmmm3jpuoo8+NuXjQVZxmKuhDApK0/cKw==",
            "cpu": [
                "riscv64"
            ],
            "dev": true,
            "optional": true,
            "os": [
                "linux"
            ],
            "engines": {
                "node": ">=12"
            }
        },
        "node_modules/@esbuild/linux-s390x": {
            "version": "0.16.17",
            "resolved": "https://registry.npmjs.org/@esbuild/linux-s390x/-/linux-s390x-0.16.17.tgz",
            "integrity": "sha512-gzy7nUTO4UA4oZ2wAMXPNBGTzZFP7mss3aKR2hH+/4UUkCOyqmjXiKpzGrY2TlEUhbbejzXVKKGazYcQTZWA/w==",
            "cpu": [
                "s390x"
            ],
            "dev": true,
            "optional": true,
            "os": [
                "linux"
            ],
            "engines": {
                "node": ">=12"
            }
        },
        "node_modules/@esbuild/linux-x64": {
            "version": "0.16.17",
            "resolved": "https://registry.npmjs.org/@esbuild/linux-x64/-/linux-x64-0.16.17.tgz",
            "integrity": "sha512-mdPjPxfnmoqhgpiEArqi4egmBAMYvaObgn4poorpUaqmvzzbvqbowRllQ+ZgzGVMGKaPkqUmPDOOFQRUFDmeUw==",
            "cpu": [
                "x64"
            ],
            "dev": true,
            "optional": true,
            "os": [
                "linux"
            ],
            "engines": {
                "node": ">=12"
            }
        },
        "node_modules/@esbuild/netbsd-x64": {
            "version": "0.16.17",
            "resolved": "https://registry.npmjs.org/@esbuild/netbsd-x64/-/netbsd-x64-0.16.17.tgz",
            "integrity": "sha512-/PzmzD/zyAeTUsduZa32bn0ORug+Jd1EGGAUJvqfeixoEISYpGnAezN6lnJoskauoai0Jrs+XSyvDhppCPoKOA==",
            "cpu": [
                "x64"
            ],
            "dev": true,
            "optional": true,
            "os": [
                "netbsd"
            ],
            "engines": {
                "node": ">=12"
            }
        },
        "node_modules/@esbuild/openbsd-x64": {
            "version": "0.16.17",
            "resolved": "https://registry.npmjs.org/@esbuild/openbsd-x64/-/openbsd-x64-0.16.17.tgz",
            "integrity": "sha512-2yaWJhvxGEz2RiftSk0UObqJa/b+rIAjnODJgv2GbGGpRwAfpgzyrg1WLK8rqA24mfZa9GvpjLcBBg8JHkoodg==",
            "cpu": [
                "x64"
            ],
            "dev": true,
            "optional": true,
            "os": [
                "openbsd"
            ],
            "engines": {
                "node": ">=12"
            }
        },
        "node_modules/@esbuild/sunos-x64": {
            "version": "0.16.17",
            "resolved": "https://registry.npmjs.org/@esbuild/sunos-x64/-/sunos-x64-0.16.17.tgz",
            "integrity": "sha512-xtVUiev38tN0R3g8VhRfN7Zl42YCJvyBhRKw1RJjwE1d2emWTVToPLNEQj/5Qxc6lVFATDiy6LjVHYhIPrLxzw==",
            "cpu": [
                "x64"
            ],
            "dev": true,
            "optional": true,
            "os": [
                "sunos"
            ],
            "engines": {
                "node": ">=12"
            }
        },
        "node_modules/@esbuild/win32-arm64": {
            "version": "0.16.17",
            "resolved": "https://registry.npmjs.org/@esbuild/win32-arm64/-/win32-arm64-0.16.17.tgz",
            "integrity": "sha512-ga8+JqBDHY4b6fQAmOgtJJue36scANy4l/rL97W+0wYmijhxKetzZdKOJI7olaBaMhWt8Pac2McJdZLxXWUEQw==",
            "cpu": [
                "arm64"
            ],
            "dev": true,
            "optional": true,
            "os": [
                "win32"
            ],
            "engines": {
                "node": ">=12"
            }
        },
        "node_modules/@esbuild/win32-ia32": {
            "version": "0.16.17",
            "resolved": "https://registry.npmjs.org/@esbuild/win32-ia32/-/win32-ia32-0.16.17.tgz",
            "integrity": "sha512-WnsKaf46uSSF/sZhwnqE4L/F89AYNMiD4YtEcYekBt9Q7nj0DiId2XH2Ng2PHM54qi5oPrQ8luuzGszqi/veig==",
            "cpu": [
                "ia32"
            ],
            "dev": true,
            "optional": true,
            "os": [
                "win32"
            ],
            "engines": {
                "node": ">=12"
            }
        },
        "node_modules/@esbuild/win32-x64": {
            "version": "0.16.17",
            "resolved": "https://registry.npmjs.org/@esbuild/win32-x64/-/win32-x64-0.16.17.tgz",
            "integrity": "sha512-y+EHuSchhL7FjHgvQL/0fnnFmO4T1bhvWANX6gcnqTjtnKWbTvUMCpGnv2+t+31d7RzyEAYAd4u2fnIhHL6N/Q==",
            "cpu": [
                "x64"
            ],
            "dev": true,
            "optional": true,
            "os": [
                "win32"
            ],
            "engines": {
                "node": ">=12"
            }
        },
        "node_modules/@pixi/accessibility": {
            "version": "6.5.10",
            "resolved": "https://registry.npmjs.org/@pixi/accessibility/-/accessibility-6.5.10.tgz",
            "integrity": "sha512-URrI1H+1kjjHSyhY1QXcUZ8S3omdVTrXg5y0gndtpOhIelErBTC9NWjJfw6s0Rlmv5+x5VAitQTgw9mRiatDgw==",
            "peerDependencies": {
                "@pixi/core": "6.5.10",
                "@pixi/display": "6.5.10",
                "@pixi/utils": "6.5.10"
            }
        },
        "node_modules/@pixi/app": {
            "version": "6.5.10",
            "resolved": "https://registry.npmjs.org/@pixi/app/-/app-6.5.10.tgz",
            "integrity": "sha512-VsNHLajZ5Dbc/Zrj7iWmIl3eu6Fec+afjW/NXXezD8Sp3nTDF0bv5F+GDgN/zSc2gqIvPHyundImT7hQGBDghg==",
            "peerDependencies": {
                "@pixi/core": "6.5.10",
                "@pixi/display": "6.5.10",
                "@pixi/math": "6.5.10",
                "@pixi/utils": "6.5.10"
            }
        },
        "node_modules/@pixi/compressed-textures": {
            "version": "6.5.10",
            "resolved": "https://registry.npmjs.org/@pixi/compressed-textures/-/compressed-textures-6.5.10.tgz",
            "integrity": "sha512-41NT5mkfam47DrkB8xMp3HUZDt7139JMB6rVNOmb3u2vm+2mdy9tzi5s9nN7bG9xgXlchxcFzytTURk+jwXVJA==",
            "peerDependencies": {
                "@pixi/constants": "6.5.10",
                "@pixi/core": "6.5.10",
                "@pixi/loaders": "6.5.10",
                "@pixi/settings": "6.5.10",
                "@pixi/utils": "6.5.10"
            }
        },
        "node_modules/@pixi/constants": {
            "version": "6.5.10",
            "resolved": "https://registry.npmjs.org/@pixi/constants/-/constants-6.5.10.tgz",
            "integrity": "sha512-PUF2Y9YISRu5eVrVVHhHCWpc/KmxQTg3UH8rIUs8UI9dCK41/wsPd3pEahzf7H47v7x1HCohVZcFO3XQc1bUDw=="
        },
        "node_modules/@pixi/core": {
            "version": "6.5.10",
            "resolved": "https://registry.npmjs.org/@pixi/core/-/core-6.5.10.tgz",
            "integrity": "sha512-Gdzp5ENypyglvsh5Gv3teUZnZnmizo4xOsL+QqmWALdFlJXJwLJMVhKVThV/q/095XR6i4Ou54oshn+m4EkuFw==",
            "dependencies": {
                "@types/offscreencanvas": "^2019.6.4"
            },
            "funding": {
                "type": "opencollective",
                "url": "https://opencollective.com/pixijs"
            },
            "peerDependencies": {
                "@pixi/constants": "6.5.10",
                "@pixi/extensions": "6.5.10",
                "@pixi/math": "6.5.10",
                "@pixi/runner": "6.5.10",
                "@pixi/settings": "6.5.10",
                "@pixi/ticker": "6.5.10",
                "@pixi/utils": "6.5.10"
            }
        },
        "node_modules/@pixi/display": {
            "version": "6.5.10",
            "resolved": "https://registry.npmjs.org/@pixi/display/-/display-6.5.10.tgz",
            "integrity": "sha512-NxFdDDxlbH5fQkzGHraLGoTMucW9pVgXqQm13TSmkA3NWIi/SItHL4qT2SI8nmclT9Vid1VDEBCJFAbdeuQw1Q==",
            "peerDependencies": {
                "@pixi/constants": "6.5.10",
                "@pixi/math": "6.5.10",
                "@pixi/settings": "6.5.10",
                "@pixi/utils": "6.5.10"
            }
        },
        "node_modules/@pixi/extensions": {
            "version": "6.5.10",
            "resolved": "https://registry.npmjs.org/@pixi/extensions/-/extensions-6.5.10.tgz",
            "integrity": "sha512-EIUGza+E+sCy3dupuIjvRK/WyVyfSzHb5XsxRaxNrPwvG1iIUIqNqZ3owLYCo4h17fJWrj/yXVufNNtUKQccWQ=="
        },
        "node_modules/@pixi/extract": {
            "version": "6.5.10",
            "resolved": "https://registry.npmjs.org/@pixi/extract/-/extract-6.5.10.tgz",
            "integrity": "sha512-hXFIc4EGs14GFfXAjT1+6mzopzCMWeXeai38/Yod3vuBXkkp8+ksen6kE09vTnB9l1IpcIaCM+XZEokuqoGX2A==",
            "peerDependencies": {
                "@pixi/constants": "6.5.10",
                "@pixi/core": "6.5.10",
                "@pixi/math": "6.5.10",
                "@pixi/utils": "6.5.10"
            }
        },
        "node_modules/@pixi/filter-alpha": {
            "version": "6.5.10",
            "resolved": "https://registry.npmjs.org/@pixi/filter-alpha/-/filter-alpha-6.5.10.tgz",
            "integrity": "sha512-GWHLJvY0QOIDRjVx0hdUff6nl/PePQg84i8XXPmANrvA+gJ/eSRTQRmQcdgInQfawENADB/oRqpcCct6IAcKpQ==",
            "peerDependencies": {
                "@pixi/core": "6.5.10"
            }
        },
        "node_modules/@pixi/filter-blur": {
            "version": "6.5.10",
            "resolved": "https://registry.npmjs.org/@pixi/filter-blur/-/filter-blur-6.5.10.tgz",
            "integrity": "sha512-LJsRocVOdM9hTzZKjP+jmkfoL1nrJi5XpR0ItgRN8fflOC7A7Ln4iPe7nukbbq3H7QhZSunbygMubbO6xhThZw==",
            "peerDependencies": {
                "@pixi/constants": "6.5.10",
                "@pixi/core": "6.5.10",
                "@pixi/settings": "6.5.10"
            }
        },
        "node_modules/@pixi/filter-color-matrix": {
            "version": "6.5.10",
            "resolved": "https://registry.npmjs.org/@pixi/filter-color-matrix/-/filter-color-matrix-6.5.10.tgz",
            "integrity": "sha512-C2S44/EoWTrhqedLWOZTq9GZV5loEq1+MhyK9AUzEubWGMHhou1Juhn2mRZ7R6flKPCRQNKrXpStUwCAouud3Q==",
            "peerDependencies": {
                "@pixi/core": "6.5.10"
            }
        },
        "node_modules/@pixi/filter-displacement": {
            "version": "6.5.10",
            "resolved": "https://registry.npmjs.org/@pixi/filter-displacement/-/filter-displacement-6.5.10.tgz",
            "integrity": "sha512-fbblMYyPX/hO3Tpoaa4tOBYxqp4TxjNrz6xyt15tKSVxWQElk+Tx98GJ+aaBoiHOKt8ezzHplStWoHG++JIv/w==",
            "peerDependencies": {
                "@pixi/core": "6.5.10",
                "@pixi/math": "6.5.10"
            }
        },
        "node_modules/@pixi/filter-fxaa": {
            "version": "6.5.10",
            "resolved": "https://registry.npmjs.org/@pixi/filter-fxaa/-/filter-fxaa-6.5.10.tgz",
            "integrity": "sha512-wbHL9UtY3g7jTyvO8JaZks6DqV8AO5c96Hfu0zfndWBPs79Ul6/sq3LD2eE+yq5vK5T2R9Sr4s54ls1JT3Sppg==",
            "peerDependencies": {
                "@pixi/core": "6.5.10"
            }
        },
        "node_modules/@pixi/filter-noise": {
            "version": "6.5.10",
            "resolved": "https://registry.npmjs.org/@pixi/filter-noise/-/filter-noise-6.5.10.tgz",
            "integrity": "sha512-CX+/06NVaw3HsjipZVb7aemkca0TC8I6qfKI4lx2ugxS/6G6zkY5zqd8+nVSXW4DpUXB6eT0emwfRv6N00NvuA==",
            "peerDependencies": {
                "@pixi/core": "6.5.10"
            }
        },
        "node_modules/@pixi/graphics": {
            "version": "6.5.10",
            "resolved": "https://registry.npmjs.org/@pixi/graphics/-/graphics-6.5.10.tgz",
            "integrity": "sha512-KPHGJ910fi8bRQQ+VcTIgrK+bKIm8yAQaZKPqMtm14HzHPGcES6HkgeNY1sd7m8J4aS9btm5wOSyFu0p5IzTpA==",
            "peerDependencies": {
                "@pixi/constants": "6.5.10",
                "@pixi/core": "6.5.10",
                "@pixi/display": "6.5.10",
                "@pixi/math": "6.5.10",
                "@pixi/sprite": "6.5.10",
                "@pixi/utils": "6.5.10"
            }
        },
        "node_modules/@pixi/interaction": {
            "version": "6.5.10",
            "resolved": "https://registry.npmjs.org/@pixi/interaction/-/interaction-6.5.10.tgz",
            "integrity": "sha512-v809pJmXA2B9dV/vdrDMUqJT+fBB/ARZli2YRmI2dPbEbkaYr8FNmxCAJnwT8o+ymTx044Ie820hn9tVrtMtfA==",
            "peerDependencies": {
                "@pixi/core": "6.5.10",
                "@pixi/display": "6.5.10",
                "@pixi/math": "6.5.10",
                "@pixi/ticker": "6.5.10",
                "@pixi/utils": "6.5.10"
            }
        },
        "node_modules/@pixi/loaders": {
            "version": "6.5.10",
            "resolved": "https://registry.npmjs.org/@pixi/loaders/-/loaders-6.5.10.tgz",
            "integrity": "sha512-AuK7mXBmyVsDFL9DDFPB8sqP8fwQ2NOktvu98bQuJl0/p/UeK/0OAQnF3wcf3FeBv5YGXfNHL21c2DCisjKfTg==",
            "peerDependencies": {
                "@pixi/constants": "6.5.10",
                "@pixi/core": "6.5.10",
                "@pixi/utils": "6.5.10"
            }
        },
        "node_modules/@pixi/math": {
            "version": "6.5.10",
            "resolved": "https://registry.npmjs.org/@pixi/math/-/math-6.5.10.tgz",
            "integrity": "sha512-fxeu7ykVbMGxGV2S3qRTupHToeo1hdWBm8ihyURn3BMqJZe2SkZEECPd5RyvIuuNUtjRnmhkZRnF3Jsz2S+L0g=="
        },
        "node_modules/@pixi/mesh": {
            "version": "6.5.10",
            "resolved": "https://registry.npmjs.org/@pixi/mesh/-/mesh-6.5.10.tgz",
            "integrity": "sha512-tUNPsdp5/t/yRsCmfxIcufIfbQVzgAlMNgQ1igWOkSxzhB7vlEbZ8ZLLW5tQcNyM/r7Nhjz+RoB+RD+/BCtvlA==",
            "peerDependencies": {
                "@pixi/constants": "6.5.10",
                "@pixi/core": "6.5.10",
                "@pixi/display": "6.5.10",
                "@pixi/math": "6.5.10",
                "@pixi/settings": "6.5.10",
                "@pixi/utils": "6.5.10"
            }
        },
        "node_modules/@pixi/mesh-extras": {
            "version": "6.5.10",
            "resolved": "https://registry.npmjs.org/@pixi/mesh-extras/-/mesh-extras-6.5.10.tgz",
            "integrity": "sha512-UCG7OOPPFeikrX09haCibCMR0jPQ4UJ+4HiYiAv/3dahq5eEzBx+yAwVtxcVCjonkTf/lu5SzmHdzpsbHLx5aw==",
            "peerDependencies": {
                "@pixi/constants": "6.5.10",
                "@pixi/core": "6.5.10",
                "@pixi/math": "6.5.10",
                "@pixi/mesh": "6.5.10",
                "@pixi/utils": "6.5.10"
            }
        },
        "node_modules/@pixi/mixin-cache-as-bitmap": {
            "version": "6.5.10",
            "resolved": "https://registry.npmjs.org/@pixi/mixin-cache-as-bitmap/-/mixin-cache-as-bitmap-6.5.10.tgz",
            "integrity": "sha512-HV4qPZt8R7uuPZf1XE5S0e3jbN4+/EqgAIkueIyK3Em+0IO1rCmIbzzYxFPxkElMUu5VvN1r4hXK846z9ITnhw==",
            "peerDependencies": {
                "@pixi/constants": "6.5.10",
                "@pixi/core": "6.5.10",
                "@pixi/display": "6.5.10",
                "@pixi/math": "6.5.10",
                "@pixi/settings": "6.5.10",
                "@pixi/sprite": "6.5.10",
                "@pixi/utils": "6.5.10"
            }
        },
        "node_modules/@pixi/mixin-get-child-by-name": {
            "version": "6.5.10",
            "resolved": "https://registry.npmjs.org/@pixi/mixin-get-child-by-name/-/mixin-get-child-by-name-6.5.10.tgz",
            "integrity": "sha512-YYd9wjnI/4aKY0H5Ij413UppVZn3YE1No2CZrNevV6WbhylsJucowY3hJihtl9mxkpwtaUIyWMjmphkbOinbzA==",
            "peerDependencies": {
                "@pixi/display": "6.5.10"
            }
        },
        "node_modules/@pixi/mixin-get-global-position": {
            "version": "6.5.10",
            "resolved": "https://registry.npmjs.org/@pixi/mixin-get-global-position/-/mixin-get-global-position-6.5.10.tgz",
            "integrity": "sha512-A83gTZP9CdQAyrAvOZl1P707Q0QvIC0V8UnBAMd4GxuhMOXJtXVPCdmfPVXUrfoywgnH+/Bgimq5xhsXTf8Hzg==",
            "peerDependencies": {
                "@pixi/display": "6.5.10",
                "@pixi/math": "6.5.10"
            }
        },
        "node_modules/@pixi/particle-container": {
            "version": "6.5.10",
            "resolved": "https://registry.npmjs.org/@pixi/particle-container/-/particle-container-6.5.10.tgz",
            "integrity": "sha512-CCNAdYGzKoOc3FtK2kyWCNjygdHppeOEqqK189yhg3yRSsvby+HMms/cM6bLK/4Vf6mFoAy1na3w/oXpqTR2Ag==",
            "peerDependencies": {
                "@pixi/constants": "6.5.10",
                "@pixi/core": "6.5.10",
                "@pixi/display": "6.5.10",
                "@pixi/math": "6.5.10",
                "@pixi/sprite": "6.5.10",
                "@pixi/utils": "6.5.10"
            }
        },
        "node_modules/@pixi/polyfill": {
            "version": "6.5.10",
            "resolved": "https://registry.npmjs.org/@pixi/polyfill/-/polyfill-6.5.10.tgz",
            "integrity": "sha512-KDTWyr285VvPM8GGTVIZAhmxGrOlTznUGK/9kWS3GtrogwLWn41S/86Yej1gYvotVyUomCcOok33Jzahb+vX1w==",
            "dependencies": {
                "object-assign": "^4.1.1",
                "promise-polyfill": "^8.2.0"
            }
        },
        "node_modules/@pixi/prepare": {
            "version": "6.5.10",
            "resolved": "https://registry.npmjs.org/@pixi/prepare/-/prepare-6.5.10.tgz",
            "integrity": "sha512-PHMApz/GPg7IX/7+2S98criN2+Mp+fgiKpojV9cnl0SlW2zMxfAHBBi8zik9rHBgjx8X6d6bR0MG1rPtb6vSxQ==",
            "peerDependencies": {
                "@pixi/core": "6.5.10",
                "@pixi/display": "6.5.10",
                "@pixi/graphics": "6.5.10",
                "@pixi/settings": "6.5.10",
                "@pixi/text": "6.5.10",
                "@pixi/ticker": "6.5.10",
                "@pixi/utils": "6.5.10"
            }
        },
        "node_modules/@pixi/runner": {
            "version": "6.5.10",
            "resolved": "https://registry.npmjs.org/@pixi/runner/-/runner-6.5.10.tgz",
            "integrity": "sha512-4HiHp6diCmigJT/DSbnqQP62OfWKmZB7zPWMdV1AEdr4YT1QxzXAW1wHg7dkoEfyTHqZKl0tm/zcqKq/iH7tMA=="
        },
        "node_modules/@pixi/settings": {
            "version": "6.5.10",
            "resolved": "https://registry.npmjs.org/@pixi/settings/-/settings-6.5.10.tgz",
            "integrity": "sha512-ypAS5L7pQ2Qb88yQK72bXtc7sD8OrtLWNXdZ/gnw5kwSWCFaOSoqhKqJCXrR5DQtN98+RQefwbEAmMvqobhFyw==",
            "peerDependencies": {
                "@pixi/constants": "6.5.10"
            }
        },
        "node_modules/@pixi/sprite": {
            "version": "6.5.10",
            "resolved": "https://registry.npmjs.org/@pixi/sprite/-/sprite-6.5.10.tgz",
            "integrity": "sha512-UiK+8LgM9XQ/SBDKjRgZ8WggdOSlFRXqiWjEZVmNkiyU8HvXeFzWPRhpc8RR1zDwAUhZWKtMhF8X/ba9m+z2lg==",
            "peerDependencies": {
                "@pixi/constants": "6.5.10",
                "@pixi/core": "6.5.10",
                "@pixi/display": "6.5.10",
                "@pixi/math": "6.5.10",
                "@pixi/settings": "6.5.10",
                "@pixi/utils": "6.5.10"
            }
        },
        "node_modules/@pixi/sprite-animated": {
            "version": "6.5.10",
            "resolved": "https://registry.npmjs.org/@pixi/sprite-animated/-/sprite-animated-6.5.10.tgz",
            "integrity": "sha512-x1kayucAqpVbNk+j+diC/7sQGQsAl6NCH1J2/EEaiQjlV3GOx1MXS9Tft1N1Y1y7otbg1XsnBd60/Yzcp05pxA==",
            "peerDependencies": {
                "@pixi/core": "6.5.10",
                "@pixi/sprite": "6.5.10",
                "@pixi/ticker": "6.5.10"
            }
        },
        "node_modules/@pixi/sprite-tiling": {
            "version": "6.5.10",
            "resolved": "https://registry.npmjs.org/@pixi/sprite-tiling/-/sprite-tiling-6.5.10.tgz",
            "integrity": "sha512-lDFcPuwExrdJhli+WmjPivChjeCG6NiRl36iQ8n2zVi/MYVv9qfKCA6IdU7HBWk1AZdsg6KUTpwfmVLUI+qz3w==",
            "peerDependencies": {
                "@pixi/constants": "6.5.10",
                "@pixi/core": "6.5.10",
                "@pixi/display": "6.5.10",
                "@pixi/math": "6.5.10",
                "@pixi/sprite": "6.5.10",
                "@pixi/utils": "6.5.10"
            }
        },
        "node_modules/@pixi/spritesheet": {
            "version": "6.5.10",
            "resolved": "https://registry.npmjs.org/@pixi/spritesheet/-/spritesheet-6.5.10.tgz",
            "integrity": "sha512-7uOZ1cYyYtPb0ZEgXV1SZ8ujtluZNY0TL5z3+Qc8cgGGZK/MaWG7N6Wf+uR4BR2x8FLNwcyN5IjbQDKCpblrmg==",
            "peerDependencies": {
                "@pixi/core": "6.5.10",
                "@pixi/loaders": "6.5.10",
                "@pixi/math": "6.5.10",
                "@pixi/utils": "6.5.10"
            }
        },
        "node_modules/@pixi/text": {
            "version": "6.5.10",
            "resolved": "https://registry.npmjs.org/@pixi/text/-/text-6.5.10.tgz",
            "integrity": "sha512-ikwkonLJ+6QmEVW8Ji9fS5CjrKNbU4mHzYuwRQas/VJQuSWgd0myCcaw6ZbF1oSfQe70HgbNOR0sH8Q3Com0qg==",
            "peerDependencies": {
                "@pixi/core": "6.5.10",
                "@pixi/math": "6.5.10",
                "@pixi/settings": "6.5.10",
                "@pixi/sprite": "6.5.10",
                "@pixi/utils": "6.5.10"
            }
        },
        "node_modules/@pixi/text-bitmap": {
            "version": "6.5.10",
            "resolved": "https://registry.npmjs.org/@pixi/text-bitmap/-/text-bitmap-6.5.10.tgz",
            "integrity": "sha512-g/iFIMGp6Pfi0BvX6Ykp48Z6JXVgKOrc7UCIR9CM21wYcCiQGqtdFwstV236xk6/D8NToUtSOcifhtQ28dVTdQ==",
            "peerDependencies": {
                "@pixi/constants": "6.5.10",
                "@pixi/core": "6.5.10",
                "@pixi/display": "6.5.10",
                "@pixi/loaders": "6.5.10",
                "@pixi/math": "6.5.10",
                "@pixi/mesh": "6.5.10",
                "@pixi/settings": "6.5.10",
                "@pixi/text": "6.5.10",
                "@pixi/utils": "6.5.10"
            }
        },
        "node_modules/@pixi/ticker": {
            "version": "6.5.10",
            "resolved": "https://registry.npmjs.org/@pixi/ticker/-/ticker-6.5.10.tgz",
            "integrity": "sha512-UqX1XYtzqFSirmTOy8QAK4Ccg4KkIZztrBdRPKwFSOEiKAJoGDCSBmyQBo/9aYQKGObbNnrJ7Hxv3/ucg3/1GA==",
            "peerDependencies": {
                "@pixi/extensions": "6.5.10",
                "@pixi/settings": "6.5.10"
            }
        },
        "node_modules/@pixi/utils": {
            "version": "6.5.10",
            "resolved": "https://registry.npmjs.org/@pixi/utils/-/utils-6.5.10.tgz",
            "integrity": "sha512-4f4qDMmAz9IoSAe08G2LAxUcEtG9jSdudfsMQT2MG+OpfToirboE6cNoO0KnLCvLzDVE/mfisiQ9uJbVA9Ssdw==",
            "dependencies": {
                "@types/earcut": "^2.1.0",
                "earcut": "^2.2.4",
                "eventemitter3": "^3.1.0",
                "url": "^0.11.0"
            },
            "peerDependencies": {
                "@pixi/constants": "6.5.10",
                "@pixi/settings": "6.5.10"
            }
        },
        "node_modules/@types/earcut": {
            "version": "2.1.1",
            "resolved": "https://registry.npmjs.org/@types/earcut/-/earcut-2.1.1.tgz",
            "integrity": "sha512-w8oigUCDjElRHRRrMvn/spybSMyX8MTkKA5Dv+tS1IE/TgmNZPqUYtvYBXGY8cieSE66gm+szeK+bnbxC2xHTQ=="
        },
        "node_modules/@types/hammerjs": {
            "version": "2.0.41",
            "resolved": "https://registry.npmjs.org/@types/hammerjs/-/hammerjs-2.0.41.tgz",
            "integrity": "sha512-ewXv/ceBaJprikMcxCmWU1FKyMAQ2X7a9Gtmzw8fcg2kIePI1crERDM818W+XYrxqdBBOdlf2rm137bU+BltCA==",
            "dev": true
        },
        "node_modules/@types/howler": {
            "version": "2.2.8",
            "resolved": "https://registry.npmjs.org/@types/howler/-/howler-2.2.8.tgz",
            "integrity": "sha512-7OK+cGHTWIDCOvBlEc61Lzj2tJhCpmeqiqdeNbZvTxLHluBMF6xz/2wjoQkK1M8mJIStp40OdPnkp8xIvwwsuw==",
            "dev": true
        },
        "node_modules/@types/offscreencanvas": {
            "version": "2019.7.0",
            "resolved": "https://registry.npmjs.org/@types/offscreencanvas/-/offscreencanvas-2019.7.0.tgz",
            "integrity": "sha512-PGcyveRIpL1XIqK8eBsmRBt76eFgtzuPiSTyKHZxnGemp2yzGzWpjYKAfK3wIMiU7eH+851yEpiuP8JZerTmWg=="
        },
        "node_modules/call-bind": {
            "version": "1.0.2",
            "resolved": "https://registry.npmjs.org/call-bind/-/call-bind-1.0.2.tgz",
            "integrity": "sha512-7O+FbCihrB5WGbFYesctwmTKae6rOiIzmz1icreWJ+0aA7LJfuqhEso2T9ncpcFtzMQtzXf2QGGueWJGTYsqrA==",
            "dependencies": {
                "function-bind": "^1.1.1",
                "get-intrinsic": "^1.0.2"
            },
            "funding": {
                "url": "https://github.com/sponsors/ljharb"
            }
        },
        "node_modules/create-serve": {
            "version": "1.0.1",
            "resolved": "https://registry.npmjs.org/create-serve/-/create-serve-1.0.1.tgz",
            "integrity": "sha512-cDAmBGhkwolS7ihq7SnPE8KwjYUZl5FaI9Pq5ZBwNelSKvFR9OoAA4/B5BfB/NC+eYaykBpX9RVMfuU4DHtrPw==",
            "dev": true,
            "bin": {
                "create-serve": "src/bin.js"
            }
        },
        "node_modules/earcut": {
            "version": "2.2.4",
            "resolved": "https://registry.npmjs.org/earcut/-/earcut-2.2.4.tgz",
            "integrity": "sha512-/pjZsA1b4RPHbeWZQn66SWS8nZZWLQQ23oE3Eam7aroEFGEvwKAsJfZ9ytiEMycfzXWpca4FA9QIOehf7PocBQ=="
        },
        "node_modules/esbuild": {
            "version": "0.16.17",
            "resolved": "https://registry.npmjs.org/esbuild/-/esbuild-0.16.17.tgz",
            "integrity": "sha512-G8LEkV0XzDMNwXKgM0Jwu3nY3lSTwSGY6XbxM9cr9+s0T/qSV1q1JVPBGzm3dcjhCic9+emZDmMffkwgPeOeLg==",
            "dev": true,
            "hasInstallScript": true,
            "bin": {
                "esbuild": "bin/esbuild"
            },
            "engines": {
                "node": ">=12"
            },
            "optionalDependencies": {
                "@esbuild/android-arm": "0.16.17",
                "@esbuild/android-arm64": "0.16.17",
                "@esbuild/android-x64": "0.16.17",
                "@esbuild/darwin-arm64": "0.16.17",
                "@esbuild/darwin-x64": "0.16.17",
                "@esbuild/freebsd-arm64": "0.16.17",
                "@esbuild/freebsd-x64": "0.16.17",
                "@esbuild/linux-arm": "0.16.17",
                "@esbuild/linux-arm64": "0.16.17",
                "@esbuild/linux-ia32": "0.16.17",
                "@esbuild/linux-loong64": "0.16.17",
                "@esbuild/linux-mips64el": "0.16.17",
                "@esbuild/linux-ppc64": "0.16.17",
                "@esbuild/linux-riscv64": "0.16.17",
                "@esbuild/linux-s390x": "0.16.17",
                "@esbuild/linux-x64": "0.16.17",
                "@esbuild/netbsd-x64": "0.16.17",
                "@esbuild/openbsd-x64": "0.16.17",
                "@esbuild/sunos-x64": "0.16.17",
                "@esbuild/win32-arm64": "0.16.17",
                "@esbuild/win32-ia32": "0.16.17",
                "@esbuild/win32-x64": "0.16.17"
            }
        },
        "node_modules/esbuild-serve": {
            "version": "1.0.1",
            "resolved": "https://registry.npmjs.org/esbuild-serve/-/esbuild-serve-1.0.1.tgz",
            "integrity": "sha512-VvYDThNuwg+YAuZC+RqAgw9TpEVGoDdcvm2mTL0lU+TxDXr+QGZfJ+zc6m7cXeJ940qijvdTSZl3mQbRGN4/PA==",
            "dev": true,
            "dependencies": {
                "create-serve": "^1.0.1",
                "esbuild": "^0.9.0"
            }
        },
        "node_modules/esbuild-serve/node_modules/esbuild": {
            "version": "0.9.7",
            "resolved": "https://registry.npmjs.org/esbuild/-/esbuild-0.9.7.tgz",
            "integrity": "sha512-VtUf6aQ89VTmMLKrWHYG50uByMF4JQlVysb8dmg6cOgW8JnFCipmz7p+HNBl+RR3LLCuBxFGVauAe2wfnF9bLg==",
            "dev": true,
            "hasInstallScript": true,
            "bin": {
                "esbuild": "bin/esbuild"
            }
        },
        "node_modules/eventemitter3": {
            "version": "3.1.2",
            "resolved": "https://registry.npmjs.org/eventemitter3/-/eventemitter3-3.1.2.tgz",
            "integrity": "sha512-tvtQIeLVHjDkJYnzf2dgVMxfuSGJeM/7UCG17TT4EumTfNtF+0nebF/4zWOIkCreAbtNqhGEboB6BWrwqNaw4Q=="
        },
        "node_modules/function-bind": {
            "version": "1.1.1",
            "resolved": "https://registry.npmjs.org/function-bind/-/function-bind-1.1.1.tgz",
            "integrity": "sha512-yIovAzMX49sF8Yl58fSCWJ5svSLuaibPxXQJFLmBObTuCr0Mf1KiPopGM9NiFjiYBCbfaa2Fh6breQ6ANVTI0A=="
        },
        "node_modules/get-intrinsic": {
            "version": "1.2.1",
            "resolved": "https://registry.npmjs.org/get-intrinsic/-/get-intrinsic-1.2.1.tgz",
            "integrity": "sha512-2DcsyfABl+gVHEfCOaTrWgyt+tb6MSEGmKq+kI5HwLbIYgjgmMcV8KQ41uaKz1xxUcn9tJtgFbQUEVcEbd0FYw==",
            "dependencies": {
                "function-bind": "^1.1.1",
                "has": "^1.0.3",
                "has-proto": "^1.0.1",
                "has-symbols": "^1.0.3"
            },
            "funding": {
                "url": "https://github.com/sponsors/ljharb"
            }
        },
        "node_modules/hammerjs": {
            "version": "2.0.8",
            "resolved": "https://registry.npmjs.org/hammerjs/-/hammerjs-2.0.8.tgz",
            "integrity": "sha512-tSQXBXS/MWQOn/RKckawJ61vvsDpCom87JgxiYdGwHdOa0ht0vzUWDlfioofFCRU0L+6NGDt6XzbgoJvZkMeRQ==",
            "engines": {
                "node": ">=0.8.0"
            }
        },
        "node_modules/has": {
            "version": "1.0.3",
            "resolved": "https://registry.npmjs.org/has/-/has-1.0.3.tgz",
            "integrity": "sha512-f2dvO0VU6Oej7RkWJGrehjbzMAjFp5/VKPp5tTpWIV4JHHZK1/BxbFRtf/siA2SWTe09caDmVtYYzWEIbBS4zw==",
            "dependencies": {
                "function-bind": "^1.1.1"
            },
            "engines": {
                "node": ">= 0.4.0"
            }
        },
        "node_modules/has-proto": {
            "version": "1.0.1",
            "resolved": "https://registry.npmjs.org/has-proto/-/has-proto-1.0.1.tgz",
            "integrity": "sha512-7qE+iP+O+bgF9clE5+UoBFzE65mlBiVj3tKCrlNQ0Ogwm0BjpT/gK4SlLYDMybDh5I3TCTKnPPa0oMG7JDYrhg==",
            "engines": {
                "node": ">= 0.4"
            },
            "funding": {
                "url": "https://github.com/sponsors/ljharb"
            }
        },
        "node_modules/has-symbols": {
            "version": "1.0.3",
            "resolved": "https://registry.npmjs.org/has-symbols/-/has-symbols-1.0.3.tgz",
            "integrity": "sha512-l3LCuF6MgDNwTDKkdYGEihYjt5pRPbEg46rtlmnSPlUbgmB8LOIrKJbYYFBSbnPaJexMKtiPO8hmeRjRz2Td+A==",
            "engines": {
                "node": ">= 0.4"
            },
            "funding": {
                "url": "https://github.com/sponsors/ljharb"
            }
        },
        "node_modules/howler": {
            "version": "2.2.3",
            "resolved": "https://registry.npmjs.org/howler/-/howler-2.2.3.tgz",
            "integrity": "sha512-QM0FFkw0LRX1PR8pNzJVAY25JhIWvbKMBFM4gqk+QdV+kPXOhleWGCB6AiAF/goGjIHK2e/nIElplvjQwhr0jg=="
        },
        "node_modules/object-assign": {
            "version": "4.1.1",
            "resolved": "https://registry.npmjs.org/object-assign/-/object-assign-4.1.1.tgz",
            "integrity": "sha512-rJgTQnkUnH1sFw8yT6VSU3zD3sWmu6sZhIseY8VX+GRu3P6F7Fu+JNDoXfklElbLJSnc3FUQHVe4cU5hj+BcUg==",
            "engines": {
                "node": ">=0.10.0"
            }
        },
        "node_modules/object-inspect": {
            "version": "1.12.3",
            "resolved": "https://registry.npmjs.org/object-inspect/-/object-inspect-1.12.3.tgz",
            "integrity": "sha512-geUvdk7c+eizMNUDkRpW1wJwgfOiOeHbxBR/hLXK1aT6zmVSO0jsQcs7fj6MGw89jC/cjGfLcNOrtMYtGqm81g==",
            "funding": {
                "url": "https://github.com/sponsors/ljharb"
            }
        },
        "node_modules/pixi.js": {
            "version": "6.5.10",
            "resolved": "https://registry.npmjs.org/pixi.js/-/pixi.js-6.5.10.tgz",
            "integrity": "sha512-Z2mjeoISml2iuVwT1e/BQwERYM2yKoiR08ZdGrg8y5JjeuVptfTrve4DbPMRN/kEDodesgQZGV/pFv0fE9Q2SA==",
            "dependencies": {
                "@pixi/accessibility": "6.5.10",
                "@pixi/app": "6.5.10",
                "@pixi/compressed-textures": "6.5.10",
                "@pixi/constants": "6.5.10",
                "@pixi/core": "6.5.10",
                "@pixi/display": "6.5.10",
                "@pixi/extensions": "6.5.10",
                "@pixi/extract": "6.5.10",
                "@pixi/filter-alpha": "6.5.10",
                "@pixi/filter-blur": "6.5.10",
                "@pixi/filter-color-matrix": "6.5.10",
                "@pixi/filter-displacement": "6.5.10",
                "@pixi/filter-fxaa": "6.5.10",
                "@pixi/filter-noise": "6.5.10",
                "@pixi/graphics": "6.5.10",
                "@pixi/interaction": "6.5.10",
                "@pixi/loaders": "6.5.10",
                "@pixi/math": "6.5.10",
                "@pixi/mesh": "6.5.10",
                "@pixi/mesh-extras": "6.5.10",
                "@pixi/mixin-cache-as-bitmap": "6.5.10",
                "@pixi/mixin-get-child-by-name": "6.5.10",
                "@pixi/mixin-get-global-position": "6.5.10",
                "@pixi/particle-container": "6.5.10",
                "@pixi/polyfill": "6.5.10",
                "@pixi/prepare": "6.5.10",
                "@pixi/runner": "6.5.10",
                "@pixi/settings": "6.5.10",
                "@pixi/sprite": "6.5.10",
                "@pixi/sprite-animated": "6.5.10",
                "@pixi/sprite-tiling": "6.5.10",
                "@pixi/spritesheet": "6.5.10",
                "@pixi/text": "6.5.10",
                "@pixi/text-bitmap": "6.5.10",
                "@pixi/ticker": "6.5.10",
                "@pixi/utils": "6.5.10"
            },
            "funding": {
                "type": "opencollective",
                "url": "https://opencollective.com/pixijs"
            }
        },
        "node_modules/promise-polyfill": {
            "version": "8.3.0",
            "resolved": "https://registry.npmjs.org/promise-polyfill/-/promise-polyfill-8.3.0.tgz",
            "integrity": "sha512-H5oELycFml5yto/atYqmjyigJoAo3+OXwolYiH7OfQuYlAqhxNvTfiNMbV9hsC6Yp83yE5r2KTVmtrG6R9i6Pg=="
        },
        "node_modules/punycode": {
            "version": "1.4.1",
            "resolved": "https://registry.npmjs.org/punycode/-/punycode-1.4.1.tgz",
            "integrity": "sha512-jmYNElW7yvO7TV33CjSmvSiE2yco3bV2czu/OzDKdMNVZQWfxCblURLhf+47syQRBntjfLdd/H0egrzIG+oaFQ=="
        },
        "node_modules/qs": {
            "version": "6.11.2",
            "resolved": "https://registry.npmjs.org/qs/-/qs-6.11.2.tgz",
            "integrity": "sha512-tDNIz22aBzCDxLtVH++VnTfzxlfeK5CbqohpSqpJgj1Wg/cQbStNAz3NuqCs5vV+pjBsK4x4pN9HlVh7rcYRiA==",
            "dependencies": {
                "side-channel": "^1.0.4"
            },
            "engines": {
                "node": ">=0.6"
            },
            "funding": {
                "url": "https://github.com/sponsors/ljharb"
            }
        },
        "node_modules/side-channel": {
            "version": "1.0.4",
            "resolved": "https://registry.npmjs.org/side-channel/-/side-channel-1.0.4.tgz",
            "integrity": "sha512-q5XPytqFEIKHkGdiMIrY10mvLRvnQh42/+GoBlFW3b2LXLE2xxJpZFdm94we0BaoV3RwJyGqg5wS7epxTv0Zvw==",
            "dependencies": {
                "call-bind": "^1.0.0",
                "get-intrinsic": "^1.0.2",
                "object-inspect": "^1.9.0"
            },
            "funding": {
                "url": "https://github.com/sponsors/ljharb"
            }
        },
        "node_modules/typescript": {
            "version": "4.9.5",
            "resolved": "https://registry.npmjs.org/typescript/-/typescript-4.9.5.tgz",
            "integrity": "sha512-1FXk9E2Hm+QzZQ7z+McJiHL4NW1F2EzMu9Nq9i3zAaGqibafqYwCVU6WyWAuyQRRzOlxou8xZSyXLEN8oKj24g==",
            "dev": true,
            "bin": {
                "tsc": "bin/tsc",
                "tsserver": "bin/tsserver"
            },
            "engines": {
                "node": ">=4.2.0"
            }
        },
        "node_modules/url": {
            "version": "0.11.1",
            "resolved": "https://registry.npmjs.org/url/-/url-0.11.1.tgz",
            "integrity": "sha512-rWS3H04/+mzzJkv0eZ7vEDGiQbgquI1fGfOad6zKvgYQi1SzMmhl7c/DdRGxhaWrVH6z0qWITo8rpnxK/RfEhA==",
            "dependencies": {
                "punycode": "^1.4.1",
                "qs": "^6.11.0"
            }
        }
    }
}
